<?xml version="1.0" encoding="utf-8"?>
<Project ToolsVersion="4.0" xmlns="http://schemas.microsoft.com/developer/msbuild/2003">
  <ItemGroup>
    <Filter Include="Source Files">
      <UniqueIdentifier>{4FC737F1-C7A5-4376-A066-2A32D752A2FF}</UniqueIdentifier>
      <Extensions>cpp;c;cc;cxx;def;odl;idl;hpj;bat;asm;asmx</Extensions>
    </Filter>
    <Filter Include="Header Files">
      <UniqueIdentifier>{93995380-89BD-4b04-88EB-625FBE52EBFB}</UniqueIdentifier>
      <Extensions>h;hh;hpp;hxx;hm;inl;inc;xsd</Extensions>
    </Filter>
    <Filter Include="Resource Files">
      <UniqueIdentifier>{67DA6AB6-F800-4c08-8B7A-83BB121AAD01}</UniqueIdentifier>
      <Extensions>rc;ico;cur;bmp;dlg;rc2;rct;bin;rgs;gif;jpg;jpeg;jpe;resx;tiff;tif;png;wav;mfcribbon-ms</Extensions>
    </Filter>
  </ItemGroup>
  <ItemGroup>
    <ClInclude Include="JNI\capturemanager_classes_LogPrintOutControlNative.h">
      <Filter>Header Files</Filter>
    </ClInclude>
    <ClInclude Include="ComPtrCustom.h">
      <Filter>Header Files</Filter>
    </ClInclude>
    <ClInclude Include="JNI\capturemanager_classes_CaptureManagerNativeProxy.h">
      <Filter>Header Files</Filter>
    </ClInclude>
    <ClInclude Include="CaptureManagerTypeInfo.h">
      <Filter>Header Files</Filter>
    </ClInclude>
    <ClInclude Include="JNI\capturemanager_classes_CaptureManagerControlNative.h">
      <Filter>Header Files</Filter>
    </ClInclude>
    <ClInclude Include="JNI\capturemanager_classes_SourceControlNative.h">
      <Filter>Header Files</Filter>
    </ClInclude>
    <ClInclude Include="JNI\capturemanager_classes_SinkControlNative.h">
      <Filter>Header Files</Filter>
    </ClInclude>
    <ClInclude Include="JNI\capturemanager_classes_EVRSinkFactoryNative.h">
      <Filter>Header Files</Filter>
    </ClInclude>
    <ClInclude Include="JNI\capturemanager_classes_SessionControlNative.h">
      <Filter>Header Files</Filter>
    </ClInclude>
    <ClInclude Include="JNI\capturemanager_classes_SessionNative.h">
      <Filter>Header Files</Filter>
    </ClInclude>
    <ClInclude Include="JNI\capturemanager_classes_StrideForBitmapNative.h">
      <Filter>Header Files</Filter>
    </ClInclude>
    <ClInclude Include="JNI\capturemanager_classes_SampleGrabberCallNative.h">
      <Filter>Header Files</Filter>
    </ClInclude>
    <ClInclude Include="JNI\capturemanager_classes_SampleGrabberCallSinkFactoryNative.h">
      <Filter>Header Files</Filter>
    </ClInclude>
    <ClInclude Include="JNI\capturemanager_classes_SampleGrabberCallbackSinkFactoryNative.h">
      <Filter>Header Files</Filter>
    </ClInclude>
    <ClInclude Include="JNI\capturemanager_classes_EncoderControlNative.h">
      <Filter>Header Files</Filter>
    </ClInclude>
    <ClInclude Include="JNI\capturemanager_classes_EncoderNodeFactoryNative.h">
      <Filter>Header Files</Filter>
    </ClInclude>
    <ClInclude Include="JNI\capturemanager_classes_FileSinkFactoryNative.h">
      <Filter>Header Files</Filter>
    </ClInclude>
  </ItemGroup>
  <ItemGroup>
    <ClCompile Include="CaptureManagerNativeProxy.cpp">
      <Filter>Source Files</Filter>
    </ClCompile>
    <ClCompile Include="LogPrintOutControlNative.cpp">
      <Filter>Source Files</Filter>
    </ClCompile>
    <ClCompile Include="CaptureManagerControlNative.cpp">
      <Filter>Source Files</Filter>
    </ClCompile>
    <ClCompile Include="SourceControlNative.cpp">
      <Filter>Source Files</Filter>
    </ClCompile>
    <ClCompile Include="SinkControlNative.cpp">
      <Filter>Source Files</Filter>
    </ClCompile>
    <ClCompile Include="EVRSinkFactoryNative.cpp">
      <Filter>Source Files</Filter>
    </ClCompile>
    <ClCompile Include="SessionControlNative.cpp">
      <Filter>Source Files</Filter>
    </ClCompile>
    <ClCompile Include="SessionNative.cpp">
      <Filter>Source Files</Filter>
    </ClCompile>
    <ClCompile Include="StrideForBitmapNative.cpp">
      <Filter>Source Files</Filter>
    </ClCompile>
    <ClCompile Include="SampleGrabberCallNative.cpp">
      <Filter>Source Files</Filter>
    </ClCompile>
    <ClCompile Include="SampleGrabberCallSinkFactoryNative.cpp">
      <Filter>Source Files</Filter>
    </ClCompile>
    <ClCompile Include="SampleGrabberCallbackSinkFactoryNative.cpp">
      <Filter>Source Files</Filter>
    </ClCompile>
    <ClCompile Include="EncoderControlNative.cpp">
      <Filter>Source Files</Filter>
    </ClCompile>
    <ClCompile Include="EncoderNodeFactoryNative.cpp">
      <Filter>Source Files</Filter>
    </ClCompile>
    <ClCompile Include="FileSinkFactoryNative.cpp">
      <Filter>Source Files</Filter>
    </ClCompile>
  </ItemGroup>
</Project>